
Microsoft Visual Studio Solution File, Format Version 12.00
# Visual Studio 2012
Project("{FAE04EC0-301F-11D3-BF4B-00C04F79EFBC}") = "QL_VTXD", "QL_VTXD\QL_VTXD.csproj", "{F6320DBB-B163-4BED-BC86-D99B24640A9F}"
EndProject
Project("{FAE04EC0-301F-11D3-BF4B-00C04F79EFBC}") = "THUVIEN", "THUVIEN\THUVIEN.csproj", "{F939D143-C642-43F3-BF3F-76D97E8C2352}"
EndProject
Global
	GlobalSection(SolutionConfigurationPlatforms) = preSolution
		Debug|Any CPU = Debug|Any CPU
		Release|Any CPU = Release|Any CPU
	EndGlobalSection
	GlobalSection(ProjectConfigurationPlatforms) = postSolution
		{F6320DBB-B163-4BED-BC86-D99B24640A9F}.Debug|Any CPU.ActiveCfg = Debug|Any CPU
		{F6320DBB-B163-4BED-BC86-D99B24640A9F}.Debug|Any CPU.Build.0 = Debug|Any CPU
		{F6320DBB-B163-4BED-BC86-D99B24640A9F}.Release|Any CPU.ActiveCfg = Release|Any CPU
		{F6320DBB-B163-4BED-BC86-D99B24640A9F}.Release|Any CPU.Build.0 = Release|Any CPU
		{F939D143-C642-43F3-BF3F-76D97E8C2352}.Debug|Any CPU.ActiveCfg = Debug|Any CPU
		{F939D143-C642-43F3-BF3F-76D97E8C2352}.Debug|Any CPU.Build.0 = Debug|Any CPU
		{F939D143-C642-43F3-BF3F-76D97E8C2352}.Release|Any CPU.ActiveCfg = Release|Any CPU
		{F939D143-C642-43F3-BF3F-76D97E8C2352}.Release|Any CPU.Build.0 = Release|Any CPU
	EndGlobalSection
	GlobalSection(SolutionProperties) = preSolution
		HideSolutionNode = FALSE
	EndGlobalSection
EndGlobal
